
Microsoft Visual Studio Solution File, Format Version 12.00
# Visual Studio Version 17
VisualStudioVersion = 17.9.34723.18
MinimumVisualStudioVersion = 10.0.40219.1
Project("{9A19103F-16F7-4668-BE54-9A1E7A4F7556}") = "PRUNStatsApp", "PRUNStatsApp\PRUNStatsApp.csproj", "{1FEDF417-EB30-4D42-8DF7-3F50A640B7AC}"
EndProject
Project("{9A19103F-16F7-4668-BE54-9A1E7A4F7556}") = "PRUNStatsCommon", "PRUNStatsCommon\PRUNStatsCommon.csproj", "{785C3F15-825B-4200-93AE-4DADBA7F1B19}"
EndProject
Project("{9A19103F-16F7-4668-BE54-9A1E7A4F7556}") = "PRUNStatsSynchronizer", "PRUNStatsSynchronizer\PRUNStatsSynchronizer.csproj", "{92286781-98D7-487F-9DF3-E939086E3E16}"
EndProject
Global
	GlobalSection(SolutionConfigurationPlatforms) = preSolution
		Debug|Any CPU = Debug|Any CPU
		Release|Any CPU = Release|Any CPU
	EndGlobalSection
	GlobalSection(ProjectConfigurationPlatforms) = postSolution
		{1FEDF417-EB30-4D42-8DF7-3F50A640B7AC}.Debug|Any CPU.ActiveCfg = Debug|Any CPU
		{1FEDF417-EB30-4D42-8DF7-3F50A640B7AC}.Debug|Any CPU.Build.0 = Debug|Any CPU
		{1FEDF417-EB30-4D42-8DF7-3F50A640B7AC}.Release|Any CPU.ActiveCfg = Release|Any CPU
		{1FEDF417-EB30-4D42-8DF7-3F50A640B7AC}.Release|Any CPU.Build.0 = Release|Any CPU
		{785C3F15-825B-4200-93AE-4DADBA7F1B19}.Debug|Any CPU.ActiveCfg = Debug|Any CPU
		{785C3F15-825B-4200-93AE-4DADBA7F1B19}.Debug|Any CPU.Build.0 = Debug|Any CPU
		{785C3F15-825B-4200-93AE-4DADBA7F1B19}.Release|Any CPU.ActiveCfg = Release|Any CPU
		{785C3F15-825B-4200-93AE-4DADBA7F1B19}.Release|Any CPU.Build.0 = Release|Any CPU
		{92286781-98D7-487F-9DF3-E939086E3E16}.Debug|Any CPU.ActiveCfg = Debug|Any CPU
		{92286781-98D7-487F-9DF3-E939086E3E16}.Debug|Any CPU.Build.0 = Debug|Any CPU
		{92286781-98D7-487F-9DF3-E939086E3E16}.Release|Any CPU.ActiveCfg = Release|Any CPU
		{92286781-98D7-487F-9DF3-E939086E3E16}.Release|Any CPU.Build.0 = Release|Any CPU
	EndGlobalSection
	GlobalSection(SolutionProperties) = preSolution
		HideSolutionNode = FALSE
	EndGlobalSection
	GlobalSection(ExtensibilityGlobals) = postSolution
		SolutionGuid = {18D1E95D-BF4A-433F-9135-91EB20C7B920}
	EndGlobalSection
EndGlobal
